
Microsoft Visual Studio Solution File, Format Version 12.00
# Visual Studio Version 17
VisualStudioVersion = 17.1.32319.34
MinimumVisualStudioVersion = 10.0.40219.1
Project("{FAE04EC0-301F-11D3-BF4B-00C04F79EFBC}") = "MasterServicesFZ.API", "MasterServicesFZ.API\MasterServicesFZ.API.csproj", "{0A976D3E-C6EB-452B-B87A-94BE77EEB02D}"
	ProjectSection(ProjectDependencies) = postProject
		{75532B2D-BC0B-4ECF-91BA-807296DC2C3B} = {75532B2D-BC0B-4ECF-91BA-807296DC2C3B}
		{A465C3B0-278F-4445-8B7F-25C19A54666D} = {A465C3B0-278F-4445-8B7F-25C19A54666D}
	EndProjectSection
EndProject
Project("{2150E333-8FDC-42A3-9474-1A3956D46DE8}") = "VehicleBrands", "VehicleBrands", "{A1B339B4-FF7E-4914-BBB8-CA34E39A562E}"
EndProject
Project("{2150E333-8FDC-42A3-9474-1A3956D46DE8}") = "Application", "Application", "{E7508AEA-D0F1-4EBA-9E4E-D35669158F08}"
EndProject
Project("{2150E333-8FDC-42A3-9474-1A3956D46DE8}") = "Domain", "Domain", "{FDBDD18A-1B70-47BE-AD30-0D2E1ED9A01C}"
EndProject
Project("{2150E333-8FDC-42A3-9474-1A3956D46DE8}") = "Infrastructure", "Infrastructure", "{B21D8A93-BC06-483A-9A49-B5D534536D7B}"
EndProject
Project("{FAE04EC0-301F-11D3-BF4B-00C04F79EFBC}") = "VehicleBrands.Domain", "VehicleBrands.Domain\VehicleBrands.Domain.csproj", "{79844C8B-345B-4CA9-9E2D-830C70ED3B76}"
EndProject
Project("{FAE04EC0-301F-11D3-BF4B-00C04F79EFBC}") = "VehicleBrands.Application", "VehicleBrands.Application\VehicleBrands.Application.csproj", "{75532B2D-BC0B-4ECF-91BA-807296DC2C3B}"
EndProject
Project("{FAE04EC0-301F-11D3-BF4B-00C04F79EFBC}") = "VehicleBrands.Infrastructure", "VehicleBrands.Infrastructure\VehicleBrands.Infrastructure.csproj", "{A465C3B0-278F-4445-8B7F-25C19A54666D}"
EndProject
Project("{2150E333-8FDC-42A3-9474-1A3956D46DE8}") = "Api", "Api", "{7655A6F2-0109-49E1-B618-EA27049EDEDC}"
EndProject
Project("{2150E333-8FDC-42A3-9474-1A3956D46DE8}") = "Src", "Src", "{38195A0C-3EF6-4DAD-87D5-DAB92A7A9E87}"
EndProject
Global
	GlobalSection(SolutionConfigurationPlatforms) = preSolution
		Debug|Any CPU = Debug|Any CPU
		Release|Any CPU = Release|Any CPU
	EndGlobalSection
	GlobalSection(ProjectConfigurationPlatforms) = postSolution
		{0A976D3E-C6EB-452B-B87A-94BE77EEB02D}.Debug|Any CPU.ActiveCfg = Debug|Any CPU
		{0A976D3E-C6EB-452B-B87A-94BE77EEB02D}.Debug|Any CPU.Build.0 = Debug|Any CPU
		{0A976D3E-C6EB-452B-B87A-94BE77EEB02D}.Release|Any CPU.ActiveCfg = Release|Any CPU
		{0A976D3E-C6EB-452B-B87A-94BE77EEB02D}.Release|Any CPU.Build.0 = Release|Any CPU
		{79844C8B-345B-4CA9-9E2D-830C70ED3B76}.Debug|Any CPU.ActiveCfg = Debug|Any CPU
		{79844C8B-345B-4CA9-9E2D-830C70ED3B76}.Debug|Any CPU.Build.0 = Debug|Any CPU
		{79844C8B-345B-4CA9-9E2D-830C70ED3B76}.Release|Any CPU.ActiveCfg = Release|Any CPU
		{79844C8B-345B-4CA9-9E2D-830C70ED3B76}.Release|Any CPU.Build.0 = Release|Any CPU
		{75532B2D-BC0B-4ECF-91BA-807296DC2C3B}.Debug|Any CPU.ActiveCfg = Debug|Any CPU
		{75532B2D-BC0B-4ECF-91BA-807296DC2C3B}.Debug|Any CPU.Build.0 = Debug|Any CPU
		{75532B2D-BC0B-4ECF-91BA-807296DC2C3B}.Release|Any CPU.ActiveCfg = Release|Any CPU
		{75532B2D-BC0B-4ECF-91BA-807296DC2C3B}.Release|Any CPU.Build.0 = Release|Any CPU
		{A465C3B0-278F-4445-8B7F-25C19A54666D}.Debug|Any CPU.ActiveCfg = Debug|Any CPU
		{A465C3B0-278F-4445-8B7F-25C19A54666D}.Debug|Any CPU.Build.0 = Debug|Any CPU
		{A465C3B0-278F-4445-8B7F-25C19A54666D}.Release|Any CPU.ActiveCfg = Release|Any CPU
		{A465C3B0-278F-4445-8B7F-25C19A54666D}.Release|Any CPU.Build.0 = Release|Any CPU
	EndGlobalSection
	GlobalSection(SolutionProperties) = preSolution
		HideSolutionNode = FALSE
	EndGlobalSection
	GlobalSection(NestedProjects) = preSolution
		{0A976D3E-C6EB-452B-B87A-94BE77EEB02D} = {7655A6F2-0109-49E1-B618-EA27049EDEDC}
		{A1B339B4-FF7E-4914-BBB8-CA34E39A562E} = {38195A0C-3EF6-4DAD-87D5-DAB92A7A9E87}
		{E7508AEA-D0F1-4EBA-9E4E-D35669158F08} = {A1B339B4-FF7E-4914-BBB8-CA34E39A562E}
		{FDBDD18A-1B70-47BE-AD30-0D2E1ED9A01C} = {A1B339B4-FF7E-4914-BBB8-CA34E39A562E}
		{B21D8A93-BC06-483A-9A49-B5D534536D7B} = {A1B339B4-FF7E-4914-BBB8-CA34E39A562E}
		{79844C8B-345B-4CA9-9E2D-830C70ED3B76} = {FDBDD18A-1B70-47BE-AD30-0D2E1ED9A01C}
		{75532B2D-BC0B-4ECF-91BA-807296DC2C3B} = {E7508AEA-D0F1-4EBA-9E4E-D35669158F08}
		{A465C3B0-278F-4445-8B7F-25C19A54666D} = {B21D8A93-BC06-483A-9A49-B5D534536D7B}
		{7655A6F2-0109-49E1-B618-EA27049EDEDC} = {38195A0C-3EF6-4DAD-87D5-DAB92A7A9E87}
	EndGlobalSection
	GlobalSection(ExtensibilityGlobals) = postSolution
		SolutionGuid = {56ADD464-D0B7-460B-8F4C-68FCBA3992F4}
	EndGlobalSection
EndGlobal
